PODS:
  - Alamofire (5.2.1)
  - GRDB.swift (4.14.0):
    - GRDB.swift/standard (= 4.14.0)
  - GRDB.swift/standard (4.14.0)
  - LeanCloud/Foundation (17.5.5):
    - Alamofire (~> 5.0)
  - LeanCloud/RTM (17.5.5):
    - GRDB.swift (~> 4.9)
    - LeanCloud/Foundation (= 17.5.5)
    - Starscream (~> 3.1)
    - SwiftProtobuf (~> 1.8)
  - lottie-ios (3.1.8)
  - Starscream (3.1.1)
  - SwiftProtobuf (1.9.0)

DEPENDENCIES:
  - LeanCloud/Foundation
  - LeanCloud/RTM
  - lottie-ios

SPEC REPOS:
  trunk:
    - Alamofire
    - GRDB.swift
    - LeanCloud
    - lottie-ios
    - Starscream
    - SwiftProtobuf

SPEC CHECKSUMS:
  Alamofire: e911732990610fe89af59ac0077f923d72dc3dfd
  GRDB.swift: 8cc3ab7c8b8b4ac1761deb8dca4b51c1c9d429f8
  LeanCloud: efbefbbc19c58ff6133a54a0d4980b844482f816
  lottie-ios: 48fac6be217c76937e36e340e2d09cf7b10b7f5f
  Starscream: 4bb2f9942274833f7b4d296a55504dcfc7edb7b0
  SwiftProtobuf: ecbec1be9036d15655f6b3443a1c4ea693c97932

PODFILE CHECKSUM: 724f65f2ca4af25cee0e7739dab3014d40a3820e

COCOAPODS: 1.9.1
